
Microsoft Visual Studio Solution File, Format Version 12.00
# Visual Studio 15
VisualStudioVersion = 15.0.28307.421
MinimumVisualStudioVersion = 10.0.40219.1
Project("{2150E333-8FDC-42A3-9474-1A3956D46DE8}") = "Task7", "Task7", "{440891EA-5076-407A-9AED-5BF8D99567EA}"
EndProject
Project("{FAE04EC0-301F-11D3-BF4B-00C04F79EFBC}") = "Task7GUI", "Task7\Task7GUI.csproj", "{F5F41DEC-BD0D-43B7-B456-7299DE3C1613}"
EndProject
Project("{FAE04EC0-301F-11D3-BF4B-00C04F79EFBC}") = "Data", "Data\Data.csproj", "{F082B674-5A3D-46FD-AE13-B966BB7C64EF}"
EndProject
Project("{FAE04EC0-301F-11D3-BF4B-00C04F79EFBC}") = "DataController", "DataController\DataController.csproj", "{E5F11A18-4998-4AC8-BF02-163817CC2015}"
EndProject
Project("{FAE04EC0-301F-11D3-BF4B-00C04F79EFBC}") = "Representations", "Representations\Representations.csproj", "{E31BAC23-2F96-4E5C-A104-079073AE45CC}"
EndProject
Global
	GlobalSection(SolutionConfigurationPlatforms) = preSolution
		Debug|Any CPU = Debug|Any CPU
		Release|Any CPU = Release|Any CPU
	EndGlobalSection
	GlobalSection(ProjectConfigurationPlatforms) = postSolution
		{F5F41DEC-BD0D-43B7-B456-7299DE3C1613}.Debug|Any CPU.ActiveCfg = Debug|Any CPU
		{F5F41DEC-BD0D-43B7-B456-7299DE3C1613}.Debug|Any CPU.Build.0 = Debug|Any CPU
		{F5F41DEC-BD0D-43B7-B456-7299DE3C1613}.Release|Any CPU.ActiveCfg = Release|Any CPU
		{F5F41DEC-BD0D-43B7-B456-7299DE3C1613}.Release|Any CPU.Build.0 = Release|Any CPU
		{F082B674-5A3D-46FD-AE13-B966BB7C64EF}.Debug|Any CPU.ActiveCfg = Debug|Any CPU
		{F082B674-5A3D-46FD-AE13-B966BB7C64EF}.Debug|Any CPU.Build.0 = Debug|Any CPU
		{F082B674-5A3D-46FD-AE13-B966BB7C64EF}.Release|Any CPU.ActiveCfg = Release|Any CPU
		{F082B674-5A3D-46FD-AE13-B966BB7C64EF}.Release|Any CPU.Build.0 = Release|Any CPU
		{E5F11A18-4998-4AC8-BF02-163817CC2015}.Debug|Any CPU.ActiveCfg = Debug|Any CPU
		{E5F11A18-4998-4AC8-BF02-163817CC2015}.Debug|Any CPU.Build.0 = Debug|Any CPU
		{E5F11A18-4998-4AC8-BF02-163817CC2015}.Release|Any CPU.ActiveCfg = Release|Any CPU
		{E5F11A18-4998-4AC8-BF02-163817CC2015}.Release|Any CPU.Build.0 = Release|Any CPU
		{E31BAC23-2F96-4E5C-A104-079073AE45CC}.Debug|Any CPU.ActiveCfg = Debug|Any CPU
		{E31BAC23-2F96-4E5C-A104-079073AE45CC}.Debug|Any CPU.Build.0 = Debug|Any CPU
		{E31BAC23-2F96-4E5C-A104-079073AE45CC}.Release|Any CPU.ActiveCfg = Release|Any CPU
		{E31BAC23-2F96-4E5C-A104-079073AE45CC}.Release|Any CPU.Build.0 = Release|Any CPU
	EndGlobalSection
	GlobalSection(SolutionProperties) = preSolution
		HideSolutionNode = FALSE
	EndGlobalSection
	GlobalSection(NestedProjects) = preSolution
		{F5F41DEC-BD0D-43B7-B456-7299DE3C1613} = {440891EA-5076-407A-9AED-5BF8D99567EA}
		{F082B674-5A3D-46FD-AE13-B966BB7C64EF} = {440891EA-5076-407A-9AED-5BF8D99567EA}
		{E5F11A18-4998-4AC8-BF02-163817CC2015} = {440891EA-5076-407A-9AED-5BF8D99567EA}
		{E31BAC23-2F96-4E5C-A104-079073AE45CC} = {440891EA-5076-407A-9AED-5BF8D99567EA}
	EndGlobalSection
	GlobalSection(ExtensibilityGlobals) = postSolution
		SolutionGuid = {19F3036F-1A52-4ECF-9383-9D5735D54061}
	EndGlobalSection
EndGlobal
